
Microsoft Visual Studio Solution File, Format Version 12.00
# Visual Studio 15
VisualStudioVersion = 15.0.27004.2002
MinimumVisualStudioVersion = 10.0.40219.1
Project("{8BC9CEB8-8B4A-11D0-8D11-00A0C91BC942}") = "Lab1", "Lab1\Lab1.vcxproj", "{B12702AD-ABFB-343A-A199-8E24837244A3}"
EndProject
Project("{8BC9CEB8-8B4A-11D0-8D11-00A0C91BC942}") = "Lab2", "Lab2\Lab2.vcxproj", "{BE274B20-1779-47BD-99D7-BEA6BF2A3871}"
EndProject
Project("{8BC9CEB8-8B4A-11D0-8D11-00A0C91BC942}") = "Lab3", "Lab3\Lab3.vcxproj", "{292BCCD2-ACA1-4D4E-AE6D-F2A4B4CCD8AA}"
EndProject
Project("{8BC9CEB8-8B4A-11D0-8D11-00A0C91BC942}") = "Lab4", "Lab4\Lab4.vcxproj", "{99718EB6-E8E5-4B2A-BC93-BA736ED2D089}"
EndProject
Project("{8BC9CEB8-8B4A-11D0-8D11-00A0C91BC942}") = "Shared", "Shared\Shared.vcxproj", "{117C1D3E-29E2-4271-A0D4-C34157024953}"
EndProject
Project("{8BC9CEB8-8B4A-11D0-8D11-00A0C91BC942}") = "Lab5", "Lab5\Lab5.vcxproj", "{A63B5771-1CDD-4542-94CC-55D4AD15555A}"
EndProject
Project("{8BC9CEB8-8B4A-11D0-8D11-00A0C91BC942}") = "Lab6", "Lab6\Lab6.vcxproj", "{FA948D45-BAB6-47D3-8CEB-F8CB80285235}"
EndProject
Project("{8BC9CEB8-8B4A-11D0-8D11-00A0C91BC942}") = "Lab7", "Lab7\Lab7.vcxproj", "{BB591DB5-C428-487F-84C4-A8A977354B9C}"
EndProject
Project("{8BC9CEB8-8B4A-11D0-8D11-00A0C91BC942}") = "Lab8", "Lab8\Lab8.vcxproj", "{473763C2-8898-4757-9F4C-ECBE6C764FB4}"
EndProject
Global
	GlobalSection(SolutionConfigurationPlatforms) = preSolution
		Debug|x64 = Debug|x64
		Debug|x86 = Debug|x86
		Release|x64 = Release|x64
		Release|x86 = Release|x86
	EndGlobalSection
	GlobalSection(ProjectConfigurationPlatforms) = postSolution
		{B12702AD-ABFB-343A-A199-8E24837244A3}.Debug|x64.ActiveCfg = Debug|x64
		{B12702AD-ABFB-343A-A199-8E24837244A3}.Debug|x64.Build.0 = Debug|x64
		{B12702AD-ABFB-343A-A199-8E24837244A3}.Debug|x86.ActiveCfg = Debug|x64
		{B12702AD-ABFB-343A-A199-8E24837244A3}.Release|x64.ActiveCfg = Release|x64
		{B12702AD-ABFB-343A-A199-8E24837244A3}.Release|x64.Build.0 = Release|x64
		{B12702AD-ABFB-343A-A199-8E24837244A3}.Release|x86.ActiveCfg = Release|x64
		{BE274B20-1779-47BD-99D7-BEA6BF2A3871}.Debug|x64.ActiveCfg = Debug|x64
		{BE274B20-1779-47BD-99D7-BEA6BF2A3871}.Debug|x64.Build.0 = Debug|x64
		{BE274B20-1779-47BD-99D7-BEA6BF2A3871}.Debug|x86.ActiveCfg = Debug|x64
		{BE274B20-1779-47BD-99D7-BEA6BF2A3871}.Release|x64.ActiveCfg = Release|x64
		{BE274B20-1779-47BD-99D7-BEA6BF2A3871}.Release|x64.Build.0 = Release|x64
		{BE274B20-1779-47BD-99D7-BEA6BF2A3871}.Release|x86.ActiveCfg = Release|x64
		{292BCCD2-ACA1-4D4E-AE6D-F2A4B4CCD8AA}.Debug|x64.ActiveCfg = Debug|x64
		{292BCCD2-ACA1-4D4E-AE6D-F2A4B4CCD8AA}.Debug|x64.Build.0 = Debug|x64
		{292BCCD2-ACA1-4D4E-AE6D-F2A4B4CCD8AA}.Debug|x86.ActiveCfg = Debug|x64
		{292BCCD2-ACA1-4D4E-AE6D-F2A4B4CCD8AA}.Release|x64.ActiveCfg = Release|x64
		{292BCCD2-ACA1-4D4E-AE6D-F2A4B4CCD8AA}.Release|x64.Build.0 = Release|x64
		{292BCCD2-ACA1-4D4E-AE6D-F2A4B4CCD8AA}.Release|x86.ActiveCfg = Release|x64
		{99718EB6-E8E5-4B2A-BC93-BA736ED2D089}.Debug|x64.ActiveCfg = Debug|x64
		{99718EB6-E8E5-4B2A-BC93-BA736ED2D089}.Debug|x64.Build.0 = Debug|x64
		{99718EB6-E8E5-4B2A-BC93-BA736ED2D089}.Debug|x86.ActiveCfg = Debug|x64
		{99718EB6-E8E5-4B2A-BC93-BA736ED2D089}.Release|x64.ActiveCfg = Release|x64
		{99718EB6-E8E5-4B2A-BC93-BA736ED2D089}.Release|x64.Build.0 = Release|x64
		{99718EB6-E8E5-4B2A-BC93-BA736ED2D089}.Release|x86.ActiveCfg = Release|x64
		{117C1D3E-29E2-4271-A0D4-C34157024953}.Debug|x64.ActiveCfg = Debug|x64
		{117C1D3E-29E2-4271-A0D4-C34157024953}.Debug|x64.Build.0 = Debug|x64
		{117C1D3E-29E2-4271-A0D4-C34157024953}.Debug|x86.ActiveCfg = Debug|Win32
		{117C1D3E-29E2-4271-A0D4-C34157024953}.Debug|x86.Build.0 = Debug|Win32
		{117C1D3E-29E2-4271-A0D4-C34157024953}.Release|x64.ActiveCfg = Release|x64
		{117C1D3E-29E2-4271-A0D4-C34157024953}.Release|x64.Build.0 = Release|x64
		{117C1D3E-29E2-4271-A0D4-C34157024953}.Release|x86.ActiveCfg = Release|Win32
		{117C1D3E-29E2-4271-A0D4-C34157024953}.Release|x86.Build.0 = Release|Win32
		{A63B5771-1CDD-4542-94CC-55D4AD15555A}.Debug|x64.ActiveCfg = Debug|x64
		{A63B5771-1CDD-4542-94CC-55D4AD15555A}.Debug|x64.Build.0 = Debug|x64
		{A63B5771-1CDD-4542-94CC-55D4AD15555A}.Debug|x86.ActiveCfg = Debug|x64
		{A63B5771-1CDD-4542-94CC-55D4AD15555A}.Release|x64.ActiveCfg = Release|x64
		{A63B5771-1CDD-4542-94CC-55D4AD15555A}.Release|x64.Build.0 = Release|x64
		{A63B5771-1CDD-4542-94CC-55D4AD15555A}.Release|x86.ActiveCfg = Release|x64
		{FA948D45-BAB6-47D3-8CEB-F8CB80285235}.Debug|x64.ActiveCfg = Debug|x64
		{FA948D45-BAB6-47D3-8CEB-F8CB80285235}.Debug|x64.Build.0 = Debug|x64
		{FA948D45-BAB6-47D3-8CEB-F8CB80285235}.Debug|x86.ActiveCfg = Debug|x64
		{FA948D45-BAB6-47D3-8CEB-F8CB80285235}.Release|x64.ActiveCfg = Release|x64
		{FA948D45-BAB6-47D3-8CEB-F8CB80285235}.Release|x64.Build.0 = Release|x64
		{FA948D45-BAB6-47D3-8CEB-F8CB80285235}.Release|x86.ActiveCfg = Release|x64
		{BB591DB5-C428-487F-84C4-A8A977354B9C}.Debug|x64.ActiveCfg = Debug|x64
		{BB591DB5-C428-487F-84C4-A8A977354B9C}.Debug|x64.Build.0 = Debug|x64
		{BB591DB5-C428-487F-84C4-A8A977354B9C}.Debug|x86.ActiveCfg = Debug|x64
		{BB591DB5-C428-487F-84C4-A8A977354B9C}.Release|x64.ActiveCfg = Release|x64
		{BB591DB5-C428-487F-84C4-A8A977354B9C}.Release|x64.Build.0 = Release|x64
		{BB591DB5-C428-487F-84C4-A8A977354B9C}.Release|x86.ActiveCfg = Release|x64
		{473763C2-8898-4757-9F4C-ECBE6C764FB4}.Debug|x64.ActiveCfg = Debug|x64
		{473763C2-8898-4757-9F4C-ECBE6C764FB4}.Debug|x64.Build.0 = Debug|x64
		{473763C2-8898-4757-9F4C-ECBE6C764FB4}.Debug|x86.ActiveCfg = Debug|x64
		{473763C2-8898-4757-9F4C-ECBE6C764FB4}.Release|x64.ActiveCfg = Release|x64
		{473763C2-8898-4757-9F4C-ECBE6C764FB4}.Release|x64.Build.0 = Release|x64
		{473763C2-8898-4757-9F4C-ECBE6C764FB4}.Release|x86.ActiveCfg = Release|x64
	EndGlobalSection
	GlobalSection(SolutionProperties) = preSolution
		HideSolutionNode = FALSE
	EndGlobalSection
	GlobalSection(ExtensibilityGlobals) = postSolution
		SolutionGuid = {7B14A79D-D275-4D7D-A874-CF79B6B8DCC4}
	EndGlobalSection
EndGlobal
